
Microsoft Visual Studio Solution File, Format Version 12.00
# Visual Studio Version 16
VisualStudioVersion = 16.0.29102.190
MinimumVisualStudioVersion = 10.0.40219.1
Project("{FAE04EC0-301F-11D3-BF4B-00C04F79EFBC}") = "MyWebApp", "MyWebApp\MyWebApp.csproj", "{1B15B097-5235-4105-A47B-CB0C59178AA3}"
EndProject
Global
	GlobalSection(SolutionConfigurationPlatforms) = preSolution
		Debug|Any CPU = Debug|Any CPU
		Release|Any CPU = Release|Any CPU
	EndGlobalSection
	GlobalSection(ProjectConfigurationPlatforms) = postSolution
		{1B15B097-5235-4105-A47B-CB0C59178AA3}.Debug|Any CPU.ActiveCfg = Debug|Any CPU
		{1B15B097-5235-4105-A47B-CB0C59178AA3}.Debug|Any CPU.Build.0 = Debug|Any CPU
		{1B15B097-5235-4105-A47B-CB0C59178AA3}.Release|Any CPU.ActiveCfg = Release|Any CPU
		{1B15B097-5235-4105-A47B-CB0C59178AA3}.Release|Any CPU.Build.0 = Release|Any CPU
	EndGlobalSection
	GlobalSection(SolutionProperties) = preSolution
		HideSolutionNode = FALSE
	EndGlobalSection
	GlobalSection(ExtensibilityGlobals) = postSolution
		SolutionGuid = {E9A5D408-1170-40B4-9B6B-07343370A2E6}
	EndGlobalSection
EndGlobal
