
Microsoft Visual Studio Solution File, Format Version 12.00
# Visual Studio Version 16
VisualStudioVersion = 16.0.28803.202
MinimumVisualStudioVersion = 10.0.40219.1
Project("{FAE04EC0-301F-11D3-BF4B-00C04F79EFBC}") = "JaggedArraySample", "JaggedArraySample\JaggedArraySample.csproj", "{6CC0E362-C3BF-4029-985A-BA710C8A46EF}"
EndProject
Global
	GlobalSection(SolutionConfigurationPlatforms) = preSolution
		Debug|Any CPU = Debug|Any CPU
		Release|Any CPU = Release|Any CPU
	EndGlobalSection
	GlobalSection(ProjectConfigurationPlatforms) = postSolution
		{6CC0E362-C3BF-4029-985A-BA710C8A46EF}.Debug|Any CPU.ActiveCfg = Debug|Any CPU
		{6CC0E362-C3BF-4029-985A-BA710C8A46EF}.Debug|Any CPU.Build.0 = Debug|Any CPU
		{6CC0E362-C3BF-4029-985A-BA710C8A46EF}.Release|Any CPU.ActiveCfg = Release|Any CPU
		{6CC0E362-C3BF-4029-985A-BA710C8A46EF}.Release|Any CPU.Build.0 = Release|Any CPU
	EndGlobalSection
	GlobalSection(SolutionProperties) = preSolution
		HideSolutionNode = FALSE
	EndGlobalSection
	GlobalSection(ExtensibilityGlobals) = postSolution
		SolutionGuid = {03BF0246-D535-4891-9F60-BC0BA5AEF07B}
	EndGlobalSection
EndGlobal
