
Microsoft Visual Studio Solution File, Format Version 12.00
# Visual Studio Version 16
VisualStudioVersion = 16.0.29102.190
MinimumVisualStudioVersion = 10.0.40219.1
Project("{FAE04EC0-301F-11D3-BF4B-00C04F79EFBC}") = "BooksAPISample", "BooksAPISample\BooksAPISample.csproj", "{F81BBC2E-7BDE-46D9-84EB-4A96FF9706B8}"
EndProject
Global
	GlobalSection(SolutionConfigurationPlatforms) = preSolution
		Debug|Any CPU = Debug|Any CPU
		Release|Any CPU = Release|Any CPU
	EndGlobalSection
	GlobalSection(ProjectConfigurationPlatforms) = postSolution
		{F81BBC2E-7BDE-46D9-84EB-4A96FF9706B8}.Debug|Any CPU.ActiveCfg = Debug|Any CPU
		{F81BBC2E-7BDE-46D9-84EB-4A96FF9706B8}.Debug|Any CPU.Build.0 = Debug|Any CPU
		{F81BBC2E-7BDE-46D9-84EB-4A96FF9706B8}.Release|Any CPU.ActiveCfg = Release|Any CPU
		{F81BBC2E-7BDE-46D9-84EB-4A96FF9706B8}.Release|Any CPU.Build.0 = Release|Any CPU
	EndGlobalSection
	GlobalSection(SolutionProperties) = preSolution
		HideSolutionNode = FALSE
	EndGlobalSection
	GlobalSection(ExtensibilityGlobals) = postSolution
		SolutionGuid = {5294D05C-1607-41F7-A6CE-CC7C7943F3DE}
	EndGlobalSection
EndGlobal
