
Microsoft Visual Studio Solution File, Format Version 12.00
# Visual Studio Version 16
VisualStudioVersion = 16.0.28803.202
MinimumVisualStudioVersion = 10.0.40219.1
Project("{FAE04EC0-301F-11D3-BF4B-00C04F79EFBC}") = "AsyncPatterns", "AsyncPatterns\AsyncPatterns.csproj", "{1C50FC90-D617-4C93-BF96-69205B4960CF}"
EndProject
Global
	GlobalSection(SolutionConfigurationPlatforms) = preSolution
		Debug|Any CPU = Debug|Any CPU
		Release|Any CPU = Release|Any CPU
	EndGlobalSection
	GlobalSection(ProjectConfigurationPlatforms) = postSolution
		{1C50FC90-D617-4C93-BF96-69205B4960CF}.Debug|Any CPU.ActiveCfg = Debug|Any CPU
		{1C50FC90-D617-4C93-BF96-69205B4960CF}.Debug|Any CPU.Build.0 = Debug|Any CPU
		{1C50FC90-D617-4C93-BF96-69205B4960CF}.Release|Any CPU.ActiveCfg = Release|Any CPU
		{1C50FC90-D617-4C93-BF96-69205B4960CF}.Release|Any CPU.Build.0 = Release|Any CPU
	EndGlobalSection
	GlobalSection(SolutionProperties) = preSolution
		HideSolutionNode = FALSE
	EndGlobalSection
	GlobalSection(ExtensibilityGlobals) = postSolution
		SolutionGuid = {36D5BF96-32FF-4650-B376-9C58010ECC66}
	EndGlobalSection
EndGlobal
