
Microsoft Visual Studio Solution File, Format Version 12.00
# Visual Studio Version 16
VisualStudioVersion = 16.0.28803.202
MinimumVisualStudioVersion = 10.0.40219.1
Project("{FAE04EC0-301F-11D3-BF4B-00C04F79EFBC}") = "DependencyInjectionSample", "DependencyInjectionSample\DependencyInjectionSample.csproj", "{DDB988D1-E83D-4DCC-B903-E428C7B4818F}"
EndProject
Global
	GlobalSection(SolutionConfigurationPlatforms) = preSolution
		Debug|Any CPU = Debug|Any CPU
		Release|Any CPU = Release|Any CPU
	EndGlobalSection
	GlobalSection(ProjectConfigurationPlatforms) = postSolution
		{DDB988D1-E83D-4DCC-B903-E428C7B4818F}.Debug|Any CPU.ActiveCfg = Debug|Any CPU
		{DDB988D1-E83D-4DCC-B903-E428C7B4818F}.Debug|Any CPU.Build.0 = Debug|Any CPU
		{DDB988D1-E83D-4DCC-B903-E428C7B4818F}.Release|Any CPU.ActiveCfg = Release|Any CPU
		{DDB988D1-E83D-4DCC-B903-E428C7B4818F}.Release|Any CPU.Build.0 = Release|Any CPU
	EndGlobalSection
	GlobalSection(SolutionProperties) = preSolution
		HideSolutionNode = FALSE
	EndGlobalSection
	GlobalSection(ExtensibilityGlobals) = postSolution
		SolutionGuid = {ACB91930-ED7E-4530-80EC-906301825B96}
	EndGlobalSection
EndGlobal
