
Microsoft Visual Studio Solution File, Format Version 12.00
# Visual Studio Version 16
VisualStudioVersion = 16.0.28803.202
MinimumVisualStudioVersion = 10.0.40219.1
Project("{FAE04EC0-301F-11D3-BF4B-00C04F79EFBC}") = "AwaitSample", "AwaitSample\AwaitSample.csproj", "{50AF2A4A-1680-4D95-98E4-8B599482B3F9}"
EndProject
Global
	GlobalSection(SolutionConfigurationPlatforms) = preSolution
		Debug|Any CPU = Debug|Any CPU
		Release|Any CPU = Release|Any CPU
	EndGlobalSection
	GlobalSection(ProjectConfigurationPlatforms) = postSolution
		{50AF2A4A-1680-4D95-98E4-8B599482B3F9}.Debug|Any CPU.ActiveCfg = Debug|Any CPU
		{50AF2A4A-1680-4D95-98E4-8B599482B3F9}.Debug|Any CPU.Build.0 = Debug|Any CPU
		{50AF2A4A-1680-4D95-98E4-8B599482B3F9}.Release|Any CPU.ActiveCfg = Release|Any CPU
		{50AF2A4A-1680-4D95-98E4-8B599482B3F9}.Release|Any CPU.Build.0 = Release|Any CPU
	EndGlobalSection
	GlobalSection(SolutionProperties) = preSolution
		HideSolutionNode = FALSE
	EndGlobalSection
	GlobalSection(ExtensibilityGlobals) = postSolution
		SolutionGuid = {53AEDD2C-E010-4AF1-BB2D-7F800C1A6C86}
	EndGlobalSection
EndGlobal
