
Microsoft Visual Studio Solution File, Format Version 12.00
# Visual Studio Version 16
VisualStudioVersion = 16.0.29009.5
MinimumVisualStudioVersion = 10.0.40219.1
Project("{9A19103F-16F7-4668-BE54-9A1E7A4F7556}") = "sample1", "sample1.csproj", "{7882397E-FF4A-4FEA-A721-C9C51E22AEF0}"
EndProject
Global
	GlobalSection(SolutionConfigurationPlatforms) = preSolution
		Debug|Any CPU = Debug|Any CPU
		Release|Any CPU = Release|Any CPU
	EndGlobalSection
	GlobalSection(ProjectConfigurationPlatforms) = postSolution
		{7882397E-FF4A-4FEA-A721-C9C51E22AEF0}.Debug|Any CPU.ActiveCfg = Debug|Any CPU
		{7882397E-FF4A-4FEA-A721-C9C51E22AEF0}.Debug|Any CPU.Build.0 = Debug|Any CPU
		{7882397E-FF4A-4FEA-A721-C9C51E22AEF0}.Release|Any CPU.ActiveCfg = Release|Any CPU
		{7882397E-FF4A-4FEA-A721-C9C51E22AEF0}.Release|Any CPU.Build.0 = Release|Any CPU
	EndGlobalSection
	GlobalSection(SolutionProperties) = preSolution
		HideSolutionNode = FALSE
	EndGlobalSection
	GlobalSection(ExtensibilityGlobals) = postSolution
		SolutionGuid = {623C215C-1D1C-464F-B801-681982E50CEE}
	EndGlobalSection
EndGlobal
